
Microsoft Visual Studio Solution File, Format Version 12.00
# Visual Studio 15
VisualStudioVersion = 15.0.28307.136
MinimumVisualStudioVersion = 10.0.40219.1
Project("{FAE04EC0-301F-11D3-BF4B-00C04F79EFBC}") = "VidEnc", "VidEnc\VidEnc.csproj", "{B0E2B2A4-B7E7-43BA-9DF8-937B457DFA01}"
EndProject
Global
	GlobalSection(SolutionConfigurationPlatforms) = preSolution
		Debug|Any CPU = Debug|Any CPU
		Release|Any CPU = Release|Any CPU
	EndGlobalSection
	GlobalSection(ProjectConfigurationPlatforms) = postSolution
		{B0E2B2A4-B7E7-43BA-9DF8-937B457DFA01}.Debug|Any CPU.ActiveCfg = Debug|Any CPU
		{B0E2B2A4-B7E7-43BA-9DF8-937B457DFA01}.Debug|Any CPU.Build.0 = Debug|Any CPU
		{B0E2B2A4-B7E7-43BA-9DF8-937B457DFA01}.Release|Any CPU.ActiveCfg = Release|Any CPU
		{B0E2B2A4-B7E7-43BA-9DF8-937B457DFA01}.Release|Any CPU.Build.0 = Release|Any CPU
	EndGlobalSection
	GlobalSection(SolutionProperties) = preSolution
		HideSolutionNode = FALSE
	EndGlobalSection
	GlobalSection(ExtensibilityGlobals) = postSolution
		SolutionGuid = {9DE9A895-29D0-45D7-AAF6-2C407527E98E}
	EndGlobalSection
EndGlobal
